
Microsoft Visual Studio Solution File, Format Version 12.00
# Visual Studio 15
VisualStudioVersion = 15.0.28307.539
MinimumVisualStudioVersion = 10.0.40219.1
Project("{FAE04EC0-301F-11D3-BF4B-00C04F79EFBC}") = "test0820", "test0820\test0820.csproj", "{447D3618-2E89-4815-AE6F-AFF7EDE6D4DA}"
EndProject
Global
	GlobalSection(SolutionConfigurationPlatforms) = preSolution
		Debug|Any CPU = Debug|Any CPU
		Debug|x64 = Debug|x64
		Release|Any CPU = Release|Any CPU
		Release|x64 = Release|x64
	EndGlobalSection
	GlobalSection(ProjectConfigurationPlatforms) = postSolution
		{447D3618-2E89-4815-AE6F-AFF7EDE6D4DA}.Debug|Any CPU.ActiveCfg = Debug|Any CPU
		{447D3618-2E89-4815-AE6F-AFF7EDE6D4DA}.Debug|Any CPU.Build.0 = Debug|Any CPU
		{447D3618-2E89-4815-AE6F-AFF7EDE6D4DA}.Debug|x64.ActiveCfg = Debug|x64
		{447D3618-2E89-4815-AE6F-AFF7EDE6D4DA}.Debug|x64.Build.0 = Debug|x64
		{447D3618-2E89-4815-AE6F-AFF7EDE6D4DA}.Release|Any CPU.ActiveCfg = Release|Any CPU
		{447D3618-2E89-4815-AE6F-AFF7EDE6D4DA}.Release|Any CPU.Build.0 = Release|Any CPU
		{447D3618-2E89-4815-AE6F-AFF7EDE6D4DA}.Release|x64.ActiveCfg = Release|x64
		{447D3618-2E89-4815-AE6F-AFF7EDE6D4DA}.Release|x64.Build.0 = Release|x64
	EndGlobalSection
	GlobalSection(SolutionProperties) = preSolution
		HideSolutionNode = FALSE
	EndGlobalSection
	GlobalSection(ExtensibilityGlobals) = postSolution
		SolutionGuid = {3C80C1E8-E603-4F97-ADEB-D317661D26C1}
	EndGlobalSection
EndGlobal
